
Microsoft Visual Studio Solution File, Format Version 12.00
# Visual Studio Version 16
VisualStudioVersion = 16.0.29613.14
MinimumVisualStudioVersion = 10.0.40219.1
Project("{FAE04EC0-301F-11D3-BF4B-00C04F79EFBC}") = "homework5.1", "homework5.1\homework5.1.csproj", "{59766494-BADF-4588-8648-9601C08399FF}"
EndProject
Global
	GlobalSection(SolutionConfigurationPlatforms) = preSolution
		Debug|Any CPU = Debug|Any CPU
		Release|Any CPU = Release|Any CPU
	EndGlobalSection
	GlobalSection(ProjectConfigurationPlatforms) = postSolution
		{59766494-BADF-4588-8648-9601C08399FF}.Debug|Any CPU.ActiveCfg = Debug|Any CPU
		{59766494-BADF-4588-8648-9601C08399FF}.Debug|Any CPU.Build.0 = Debug|Any CPU
		{59766494-BADF-4588-8648-9601C08399FF}.Release|Any CPU.ActiveCfg = Release|Any CPU
		{59766494-BADF-4588-8648-9601C08399FF}.Release|Any CPU.Build.0 = Release|Any CPU
	EndGlobalSection
	GlobalSection(SolutionProperties) = preSolution
		HideSolutionNode = FALSE
	EndGlobalSection
	GlobalSection(ExtensibilityGlobals) = postSolution
		SolutionGuid = {987118F3-DAC0-4080-86B1-C0D6CDC30B84}
	EndGlobalSection
EndGlobal
