
Microsoft Visual Studio Solution File, Format Version 12.00
# Visual Studio Version 16
VisualStudioVersion = 16.0.29806.167
MinimumVisualStudioVersion = 10.0.40219.1
Project("{FAE04EC0-301F-11D3-BF4B-00C04F79EFBC}") = "homework5.4.1", "homework5.4.1\homework5.4.1.csproj", "{D637A6DD-D08A-4E4B-92B9-14AB01E69EB8}"
EndProject
Global
	GlobalSection(SolutionConfigurationPlatforms) = preSolution
		Debug|Any CPU = Debug|Any CPU
		Release|Any CPU = Release|Any CPU
	EndGlobalSection
	GlobalSection(ProjectConfigurationPlatforms) = postSolution
		{D637A6DD-D08A-4E4B-92B9-14AB01E69EB8}.Debug|Any CPU.ActiveCfg = Debug|Any CPU
		{D637A6DD-D08A-4E4B-92B9-14AB01E69EB8}.Debug|Any CPU.Build.0 = Debug|Any CPU
		{D637A6DD-D08A-4E4B-92B9-14AB01E69EB8}.Release|Any CPU.ActiveCfg = Release|Any CPU
		{D637A6DD-D08A-4E4B-92B9-14AB01E69EB8}.Release|Any CPU.Build.0 = Release|Any CPU
	EndGlobalSection
	GlobalSection(SolutionProperties) = preSolution
		HideSolutionNode = FALSE
	EndGlobalSection
	GlobalSection(ExtensibilityGlobals) = postSolution
		SolutionGuid = {AA216937-CA91-48B1-8912-848CA84C3029}
	EndGlobalSection
EndGlobal
